
Microsoft Visual Studio Solution File, Format Version 12.00
# Visual Studio Version 17
VisualStudioVersion = 17.4.33213.308
MinimumVisualStudioVersion = 10.0.40219.1
Project("{FAE04EC0-301F-11D3-BF4B-00C04F79EFBC}") = "CatsAndShelves.BL", "CatsAndShelves.BL\CatsAndShelves.BL.csproj", "{DCB2E74D-C46C-496E-A218-CBCFD4B96005}"
EndProject
Global
	GlobalSection(SolutionConfigurationPlatforms) = preSolution
		Debug|Any CPU = Debug|Any CPU
		Release|Any CPU = Release|Any CPU
	EndGlobalSection
	GlobalSection(ProjectConfigurationPlatforms) = postSolution
		{DCB2E74D-C46C-496E-A218-CBCFD4B96005}.Debug|Any CPU.ActiveCfg = Debug|Any CPU
		{DCB2E74D-C46C-496E-A218-CBCFD4B96005}.Debug|Any CPU.Build.0 = Debug|Any CPU
		{DCB2E74D-C46C-496E-A218-CBCFD4B96005}.Release|Any CPU.ActiveCfg = Release|Any CPU
		{DCB2E74D-C46C-496E-A218-CBCFD4B96005}.Release|Any CPU.Build.0 = Release|Any CPU
	EndGlobalSection
	GlobalSection(SolutionProperties) = preSolution
		HideSolutionNode = FALSE
	EndGlobalSection
	GlobalSection(ExtensibilityGlobals) = postSolution
		SolutionGuid = {E7B31544-6C45-4AB8-834B-C19B54176C60}
	EndGlobalSection
EndGlobal
